
Microsoft Visual Studio Solution File, Format Version 12.00
# Visual Studio Version 17
VisualStudioVersion = 17.9.34723.18
MinimumVisualStudioVersion = 10.0.40219.1
Project("{888888A0-9F3D-457C-B088-3A5042F75D52}") = "movieGuidePart1KK", "movieGuidePart1KK.pyproj", "{D0156177-C6FE-47D4-B442-D624908D0DE6}"
EndProject
Global
	GlobalSection(SolutionConfigurationPlatforms) = preSolution
		Debug|Any CPU = Debug|Any CPU
		Release|Any CPU = Release|Any CPU
	EndGlobalSection
	GlobalSection(ProjectConfigurationPlatforms) = postSolution
		{D0156177-C6FE-47D4-B442-D624908D0DE6}.Debug|Any CPU.ActiveCfg = Debug|Any CPU
		{D0156177-C6FE-47D4-B442-D624908D0DE6}.Release|Any CPU.ActiveCfg = Release|Any CPU
	EndGlobalSection
	GlobalSection(SolutionProperties) = preSolution
		HideSolutionNode = FALSE
	EndGlobalSection
	GlobalSection(ExtensibilityGlobals) = postSolution
		SolutionGuid = {EE315FC7-EE65-4DCE-9725-F9F19E7F7B82}
	EndGlobalSection
EndGlobal
